// !$*UTF8*$!
{
	archiveVersion = 1;
	classes = {
	};
	objectVersion = 50;
	objects = {

/* Begin PBXBuildFile section */
		D603517D21C2897E008C9D13 /* audio_processor.cpp in Sources */ = {isa = PBXBuildFile; fileRef = D603517B21C2897E008C9D13 /* audio_processor.cpp */; };
		D62F0AE721B44F860085A671 /* http_request.cpp in Sources */ = {isa = PBXBuildFile; fileRef = D62F0AE621B44F860085A671 /* http_request.cpp */; };
		D62F0AEB21B45AF50085A671 /* http_response.cpp in Sources */ = {isa = PBXBuildFile; fileRef = D62F0AE921B45AF50085A671 /* http_response.cpp */; };
		D62F0AED21B468C50085A671 /* libavcodec.58.35.100.dylib in Frameworks */ = {isa = PBXBuildFile; fileRef = D62F0AEC21B468C50085A671 /* libavcodec.58.35.100.dylib */; };
		D62F0AEF21B4839B0085A671 /* libavfilter.7.40.101.dylib in Frameworks */ = {isa = PBXBuildFile; fileRef = D62F0AEE21B4839B0085A671 /* libavfilter.7.40.101.dylib */; };
		D62F0AF221B483BC0085A671 /* libavformat.58.20.100.dylib in Frameworks */ = {isa = PBXBuildFile; fileRef = D62F0AF021B483BC0085A671 /* libavformat.58.20.100.dylib */; };
		D62F0AF321B483BC0085A671 /* libavresample.4.0.0.dylib in Frameworks */ = {isa = PBXBuildFile; fileRef = D62F0AF121B483BC0085A671 /* libavresample.4.0.0.dylib */; };
		D62F0AF621B483FE0085A671 /* libavdevice.58.5.100.dylib in Frameworks */ = {isa = PBXBuildFile; fileRef = D62F0AF421B483FD0085A671 /* libavdevice.58.5.100.dylib */; };
		D62F0AF721B483FE0085A671 /* libavutil.56.22.100.dylib in Frameworks */ = {isa = PBXBuildFile; fileRef = D62F0AF521B483FE0085A671 /* libavutil.56.22.100.dylib */; };
		D6437E2421E28ECA00651678 /* stats_client.cpp in Sources */ = {isa = PBXBuildFile; fileRef = D6437E2221E28ECA00651678 /* stats_client.cpp */; };
		D6437E3321E4D17B00651678 /* libglog.0.dylib in Frameworks */ = {isa = PBXBuildFile; fileRef = D6437E3221E4D17B00651678 /* libglog.0.dylib */; };
		D6437E3521E4D51E00651678 /* config.cpp in Sources */ = {isa = PBXBuildFile; fileRef = D6437E3421E4D51E00651678 /* config.cpp */; };
		D646BD60224CDA480054B2AD /* libswscale.5.3.100.dylib in Frameworks */ = {isa = PBXBuildFile; fileRef = D646BD5F224CDA480054B2AD /* libswscale.5.3.100.dylib */; };
		D646BD66224CDB180054B2AD /* libssl.1.0.0.dylib in Frameworks */ = {isa = PBXBuildFile; fileRef = D646BD65224CDB180054B2AD /* libssl.1.0.0.dylib */; };
		D646BD68224CDB290054B2AD /* libcrypto.1.0.0.dylib in Frameworks */ = {isa = PBXBuildFile; fileRef = D646BD67224CDB290054B2AD /* libcrypto.1.0.0.dylib */; };
		D64F642521E6204300A1C99C /* auth.cpp in Sources */ = {isa = PBXBuildFile; fileRef = D64F642321E6204300A1C99C /* auth.cpp */; };
		D64F642A21E6380500A1C99C /* libcurl.4.dylib in Frameworks */ = {isa = PBXBuildFile; fileRef = D64F642921E6380500A1C99C /* libcurl.4.dylib */; };
		D64F643221E764BF00A1C99C /* user.cpp in Sources */ = {isa = PBXBuildFile; fileRef = D64F643021E764BF00A1C99C /* user.cpp */; };
		D64F643521E7661E00A1C99C /* session.cpp in Sources */ = {isa = PBXBuildFile; fileRef = D64F643321E7661E00A1C99C /* session.cpp */; };
		D64F643821E7681300A1C99C /* database.cpp in Sources */ = {isa = PBXBuildFile; fileRef = D64F643621E7681300A1C99C /* database.cpp */; };
		D64F644C21EA473400A1C99C /* http_exception.cpp in Sources */ = {isa = PBXBuildFile; fileRef = D64F644B21EA473400A1C99C /* http_exception.cpp */; };
		D64F644F21EA582100A1C99C /* base64.cpp in Sources */ = {isa = PBXBuildFile; fileRef = D64F644D21EA582100A1C99C /* base64.cpp */; };
		D64F645821EAE4D000A1C99C /* user.cpp in Sources */ = {isa = PBXBuildFile; fileRef = D64F645721EAE4D000A1C99C /* user.cpp */; };
		D6531AB421B44CB7005034F8 /* decode_file.cpp in Sources */ = {isa = PBXBuildFile; fileRef = D6531AB221B44CB7005034F8 /* decode_file.cpp */; };
		D669116F223FECD0000E2690 /* libmysqlcppconn.7.1.1.9.dylib in Frameworks */ = {isa = PBXBuildFile; fileRef = D669116E223FECD0000E2690 /* libmysqlcppconn.7.1.1.9.dylib */; };
		D669117222411C4E000E2690 /* http_connection.cpp in Sources */ = {isa = PBXBuildFile; fileRef = D6D2884A22346928005B47AA /* http_connection.cpp */; };
		D669117322411C4E000E2690 /* base64.cpp in Sources */ = {isa = PBXBuildFile; fileRef = D64F644D21EA582100A1C99C /* base64.cpp */; };
		D669117422411C4E000E2690 /* base_handler.cpp in Sources */ = {isa = PBXBuildFile; fileRef = D67E36C021B32515008BE6F9 /* base_handler.cpp */; };
		D669117522411C4E000E2690 /* user.cpp in Sources */ = {isa = PBXBuildFile; fileRef = D64F645721EAE4D000A1C99C /* user.cpp */; };
		D669117622411C4E000E2690 /* project.cpp in Sources */ = {isa = PBXBuildFile; fileRef = D6F4010C21F3BBD7009EC8E3 /* project.cpp */; };
		D669117722411C4E000E2690 /* http_exception.cpp in Sources */ = {isa = PBXBuildFile; fileRef = D64F644B21EA473400A1C99C /* http_exception.cpp */; };
		D669117922411C4E000E2690 /* user.cpp in Sources */ = {isa = PBXBuildFile; fileRef = D64F643021E764BF00A1C99C /* user.cpp */; };
		D669117A22411C4E000E2690 /* config.cpp in Sources */ = {isa = PBXBuildFile; fileRef = D6437E3421E4D51E00651678 /* config.cpp */; };
		D669117B22411C4E000E2690 /* stats_client.cpp in Sources */ = {isa = PBXBuildFile; fileRef = D6437E2221E28ECA00651678 /* stats_client.cpp */; };
		D669117C22411C4E000E2690 /* http_request.cpp in Sources */ = {isa = PBXBuildFile; fileRef = D62F0AE621B44F860085A671 /* http_request.cpp */; };
		D669117D22411C4E000E2690 /* files.cpp in Sources */ = {isa = PBXBuildFile; fileRef = D6F4010621EF5414009EC8E3 /* files.cpp */; };
		D669117E22411C4E000E2690 /* session.cpp in Sources */ = {isa = PBXBuildFile; fileRef = D64F643321E7661E00A1C99C /* session.cpp */; };
		D669117F22411C4E000E2690 /* audio_processor.cpp in Sources */ = {isa = PBXBuildFile; fileRef = D603517B21C2897E008C9D13 /* audio_processor.cpp */; };
		D669118022411C4E000E2690 /* http_server.cpp in Sources */ = {isa = PBXBuildFile; fileRef = D6CB6F1D2237D3530095EA6B /* http_server.cpp */; };
		D669118122411C4E000E2690 /* http_work_thread.cpp in Sources */ = {isa = PBXBuildFile; fileRef = D69B83B322345EBE00A5EDC0 /* http_work_thread.cpp */; };
		D669118222411C4E000E2690 /* multipart_parser.c in Sources */ = {isa = PBXBuildFile; fileRef = D6C269ED21BAE14A009D9D01 /* multipart_parser.c */; };
		D669118322411C4E000E2690 /* file.cpp in Sources */ = {isa = PBXBuildFile; fileRef = D6F8EB4E21EE1D64000FCD74 /* file.cpp */; };
		D669118422411C4E000E2690 /* http_response.cpp in Sources */ = {isa = PBXBuildFile; fileRef = D62F0AE921B45AF50085A671 /* http_response.cpp */; };
		D669118522411C4E000E2690 /* project.cpp in Sources */ = {isa = PBXBuildFile; fileRef = D6F4010921F3B1FC009EC8E3 /* project.cpp */; };
		D669118622411C4E000E2690 /* processor.cpp in Sources */ = {isa = PBXBuildFile; fileRef = D6C269F421BBFEFF009D9D01 /* processor.cpp */; };
		D669118722411C4E000E2690 /* decode_file.cpp in Sources */ = {isa = PBXBuildFile; fileRef = D6531AB221B44CB7005034F8 /* decode_file.cpp */; };
		D669118822411C4E000E2690 /* auth.cpp in Sources */ = {isa = PBXBuildFile; fileRef = D64F642321E6204300A1C99C /* auth.cpp */; };
		D669118922411C4E000E2690 /* http_worker.cpp in Sources */ = {isa = PBXBuildFile; fileRef = D6D2885022348B5D005B47AA /* http_worker.cpp */; };
		D669118A22411C4E000E2690 /* test.cpp in Sources */ = {isa = PBXBuildFile; fileRef = D69B8373222EA45E00A5EDC0 /* test.cpp */; };
		D669118B22411C4E000E2690 /* database.cpp in Sources */ = {isa = PBXBuildFile; fileRef = D64F643621E7681300A1C99C /* database.cpp */; };
		D669118D22411C4E000E2690 /* libmysqlcppconn.7.1.1.9.dylib in Frameworks */ = {isa = PBXBuildFile; fileRef = D669116E223FECD0000E2690 /* libmysqlcppconn.7.1.1.9.dylib */; };
		D669118E22411C4E000E2690 /* libcurl.4.dylib in Frameworks */ = {isa = PBXBuildFile; fileRef = D64F642921E6380500A1C99C /* libcurl.4.dylib */; };
		D669118F22411C4E000E2690 /* libglog.0.dylib in Frameworks */ = {isa = PBXBuildFile; fileRef = D6437E3221E4D17B00651678 /* libglog.0.dylib */; };
		D669119022411C4E000E2690 /* libswscale.5.3.100.dylib in Frameworks */ = {isa = PBXBuildFile; fileRef = D6C269EF21BB1275009D9D01 /* libswscale.5.3.100.dylib */; };
		D669119122411C4E000E2690 /* libswresample.3.3.100.dylib in Frameworks */ = {isa = PBXBuildFile; fileRef = D6C269F021BB1275009D9D01 /* libswresample.3.3.100.dylib */; };
		D669119222411C4E000E2690 /* libavdevice.58.5.100.dylib in Frameworks */ = {isa = PBXBuildFile; fileRef = D62F0AF421B483FD0085A671 /* libavdevice.58.5.100.dylib */; };
		D669119322411C4E000E2690 /* libavformat.58.20.100.dylib in Frameworks */ = {isa = PBXBuildFile; fileRef = D62F0AF021B483BC0085A671 /* libavformat.58.20.100.dylib */; };
		D669119422411C4E000E2690 /* libavresample.4.0.0.dylib in Frameworks */ = {isa = PBXBuildFile; fileRef = D62F0AF121B483BC0085A671 /* libavresample.4.0.0.dylib */; };
		D669119522411C4E000E2690 /* libavfilter.7.40.101.dylib in Frameworks */ = {isa = PBXBuildFile; fileRef = D62F0AEE21B4839B0085A671 /* libavfilter.7.40.101.dylib */; };
		D669119622411C4E000E2690 /* libavcodec.58.35.100.dylib in Frameworks */ = {isa = PBXBuildFile; fileRef = D62F0AEC21B468C50085A671 /* libavcodec.58.35.100.dylib */; };
		D669119722411C4E000E2690 /* libavutil.56.22.100.dylib in Frameworks */ = {isa = PBXBuildFile; fileRef = D62F0AF521B483FE0085A671 /* libavutil.56.22.100.dylib */; };
		D669119822411C4E000E2690 /* libSystem.B.dylib in Frameworks */ = {isa = PBXBuildFile; fileRef = D67E36B621B2FADD008BE6F9 /* libSystem.B.dylib */; };
		D669119922411C4E000E2690 /* libboost_thread-mt.dylib in Frameworks */ = {isa = PBXBuildFile; fileRef = D67E36B421B2FA91008BE6F9 /* libboost_thread-mt.dylib */; };
		D669119A22411C4E000E2690 /* libboost_system-mt.dylib in Frameworks */ = {isa = PBXBuildFile; fileRef = D67E36B221B2F85A008BE6F9 /* libboost_system-mt.dylib */; };
		D669119B22411C4E000E2690 /* libssl.1.0.0.dylib in Frameworks */ = {isa = PBXBuildFile; fileRef = D67E36A921B2CA32008BE6F9 /* libssl.1.0.0.dylib */; };
		D669119C22411C4E000E2690 /* libcrypto.1.0.0.dylib in Frameworks */ = {isa = PBXBuildFile; fileRef = D67E36AA21B2CA32008BE6F9 /* libcrypto.1.0.0.dylib */; };
		D669119D22411C4E000E2690 /* libboost_coroutine.dylib in Frameworks */ = {isa = PBXBuildFile; fileRef = D67E36AE21B2ED3F008BE6F9 /* libboost_coroutine.dylib */; };
		D66911A322411C5B000E2690 /* main.cpp in Sources */ = {isa = PBXBuildFile; fileRef = D69B837D22328FF100A5EDC0 /* main.cpp */; };
		D67E369E21B2C8B1008BE6F9 /* main.cpp in Sources */ = {isa = PBXBuildFile; fileRef = D67E369D21B2C8B1008BE6F9 /* main.cpp */; };
		D67E36AF21B2ED3F008BE6F9 /* libboost_coroutine.dylib in Frameworks */ = {isa = PBXBuildFile; fileRef = D67E36AE21B2ED3F008BE6F9 /* libboost_coroutine.dylib */; };
		D67E36B321B2F85A008BE6F9 /* libboost_system-mt.dylib in Frameworks */ = {isa = PBXBuildFile; fileRef = D67E36B221B2F85A008BE6F9 /* libboost_system-mt.dylib */; };
		D67E36B521B2FA91008BE6F9 /* libboost_thread-mt.dylib in Frameworks */ = {isa = PBXBuildFile; fileRef = D67E36B421B2FA91008BE6F9 /* libboost_thread-mt.dylib */; };
		D67E36B721B2FADD008BE6F9 /* libSystem.B.dylib in Frameworks */ = {isa = PBXBuildFile; fileRef = D67E36B621B2FADD008BE6F9 /* libSystem.B.dylib */; };
		D67E36C221B32515008BE6F9 /* base_handler.cpp in Sources */ = {isa = PBXBuildFile; fileRef = D67E36C021B32515008BE6F9 /* base_handler.cpp */; };
		D69B8375222EA45E00A5EDC0 /* test.cpp in Sources */ = {isa = PBXBuildFile; fileRef = D69B8373222EA45E00A5EDC0 /* test.cpp */; };
		D69B83B522345EBE00A5EDC0 /* http_work_thread.cpp in Sources */ = {isa = PBXBuildFile; fileRef = D69B83B322345EBE00A5EDC0 /* http_work_thread.cpp */; };
		D6C269EE21BAE14A009D9D01 /* multipart_parser.c in Sources */ = {isa = PBXBuildFile; fileRef = D6C269ED21BAE14A009D9D01 /* multipart_parser.c */; };
		D6C269F221BB1275009D9D01 /* libswresample.3.3.100.dylib in Frameworks */ = {isa = PBXBuildFile; fileRef = D6C269F021BB1275009D9D01 /* libswresample.3.3.100.dylib */; };
		D6C269F621BBFEFF009D9D01 /* processor.cpp in Sources */ = {isa = PBXBuildFile; fileRef = D6C269F421BBFEFF009D9D01 /* processor.cpp */; };
		D6CB6F1F2237D3530095EA6B /* http_server.cpp in Sources */ = {isa = PBXBuildFile; fileRef = D6CB6F1D2237D3530095EA6B /* http_server.cpp */; };
		D6D2884C22346928005B47AA /* http_connection.cpp in Sources */ = {isa = PBXBuildFile; fileRef = D6D2884A22346928005B47AA /* http_connection.cpp */; };
		D6D2885222348B5D005B47AA /* http_worker.cpp in Sources */ = {isa = PBXBuildFile; fileRef = D6D2885022348B5D005B47AA /* http_worker.cpp */; };
		D6F4010821EF5414009EC8E3 /* files.cpp in Sources */ = {isa = PBXBuildFile; fileRef = D6F4010621EF5414009EC8E3 /* files.cpp */; };
		D6F4010B21F3B1FC009EC8E3 /* project.cpp in Sources */ = {isa = PBXBuildFile; fileRef = D6F4010921F3B1FC009EC8E3 /* project.cpp */; };
		D6F4010E21F3BBD7009EC8E3 /* project.cpp in Sources */ = {isa = PBXBuildFile; fileRef = D6F4010C21F3BBD7009EC8E3 /* project.cpp */; };
		D6F8EB5021EE1D64000FCD74 /* file.cpp in Sources */ = {isa = PBXBuildFile; fileRef = D6F8EB4E21EE1D64000FCD74 /* file.cpp */; };
/* End PBXBuildFile section */

/* Begin PBXCopyFilesBuildPhase section */
		D669119E22411C4E000E2690 /* CopyFiles */ = {
			isa = PBXCopyFilesBuildPhase;
			buildActionMask = 2147483647;
			dstPath = /usr/share/man/man1/;
			dstSubfolderSpec = 0;
			files = (
			);
			runOnlyForDeploymentPostprocessing = 1;
		};
		D67E369821B2C8B1008BE6F9 /* CopyFiles */ = {
			isa = PBXCopyFilesBuildPhase;
			buildActionMask = 2147483647;
			dstPath = /usr/share/man/man1/;
			dstSubfolderSpec = 0;
			files = (
			);
			runOnlyForDeploymentPostprocessing = 1;
		};
/* End PBXCopyFilesBuildPhase section */

/* Begin PBXFileReference section */
		D603517B21C2897E008C9D13 /* audio_processor.cpp */ = {isa = PBXFileReference; lastKnownFileType = sourcecode.cpp.cpp; path = audio_processor.cpp; sourceTree = "<group>"; };
		D603517C21C2897E008C9D13 /* audio_processor.h */ = {isa = PBXFileReference; lastKnownFileType = sourcecode.c.h; path = audio_processor.h; sourceTree = "<group>"; };
		D62F0AE621B44F860085A671 /* http_request.cpp */ = {isa = PBXFileReference; lastKnownFileType = sourcecode.cpp.cpp; path = http_request.cpp; sourceTree = "<group>"; };
		D62F0AE921B45AF50085A671 /* http_response.cpp */ = {isa = PBXFileReference; lastKnownFileType = sourcecode.cpp.cpp; path = http_response.cpp; sourceTree = "<group>"; };
		D62F0AEA21B45AF50085A671 /* http_response.h */ = {isa = PBXFileReference; lastKnownFileType = sourcecode.c.h; path = http_response.h; sourceTree = "<group>"; };
		D62F0AEC21B468C50085A671 /* libavcodec.58.35.100.dylib */ = {isa = PBXFileReference; lastKnownFileType = "compiled.mach-o.dylib"; name = libavcodec.58.35.100.dylib; path = ../../../../usr/local/Cellar/ffmpeg/4.1/lib/libavcodec.58.35.100.dylib; sourceTree = "<group>"; };
		D62F0AEE21B4839B0085A671 /* libavfilter.7.40.101.dylib */ = {isa = PBXFileReference; lastKnownFileType = "compiled.mach-o.dylib"; name = libavfilter.7.40.101.dylib; path = ../../../../usr/local/Cellar/ffmpeg/4.1/lib/libavfilter.7.40.101.dylib; sourceTree = "<group>"; };
		D62F0AF021B483BC0085A671 /* libavformat.58.20.100.dylib */ = {isa = PBXFileReference; lastKnownFileType = "compiled.mach-o.dylib"; name = libavformat.58.20.100.dylib; path = ../../../../usr/local/Cellar/ffmpeg/4.1/lib/libavformat.58.20.100.dylib; sourceTree = "<group>"; };
		D62F0AF121B483BC0085A671 /* libavresample.4.0.0.dylib */ = {isa = PBXFileReference; lastKnownFileType = "compiled.mach-o.dylib"; name = libavresample.4.0.0.dylib; path = ../../../../usr/local/Cellar/ffmpeg/4.1/lib/libavresample.4.0.0.dylib; sourceTree = "<group>"; };
		D62F0AF421B483FD0085A671 /* libavdevice.58.5.100.dylib */ = {isa = PBXFileReference; lastKnownFileType = "compiled.mach-o.dylib"; name = libavdevice.58.5.100.dylib; path = ../../../../usr/local/Cellar/ffmpeg/4.1/lib/libavdevice.58.5.100.dylib; sourceTree = "<group>"; };
		D62F0AF521B483FE0085A671 /* libavutil.56.22.100.dylib */ = {isa = PBXFileReference; lastKnownFileType = "compiled.mach-o.dylib"; name = libavutil.56.22.100.dylib; path = ../../../../usr/local/Cellar/ffmpeg/4.1/lib/libavutil.56.22.100.dylib; sourceTree = "<group>"; };
		D6437E2221E28ECA00651678 /* stats_client.cpp */ = {isa = PBXFileReference; lastKnownFileType = sourcecode.cpp.cpp; path = stats_client.cpp; sourceTree = "<group>"; };
		D6437E2321E28ECA00651678 /* stats_client.h */ = {isa = PBXFileReference; lastKnownFileType = sourcecode.c.h; path = stats_client.h; sourceTree = "<group>"; };
		D6437E2521E2B3A500651678 /* timer.h */ = {isa = PBXFileReference; lastKnownFileType = sourcecode.c.h; path = timer.h; sourceTree = "<group>"; };
		D6437E2721E37FB400651678 /* websocket_listener.cpp */ = {isa = PBXFileReference; lastKnownFileType = sourcecode.cpp.cpp; path = websocket_listener.cpp; sourceTree = "<group>"; };
		D6437E2821E37FB400651678 /* websocket_listener.h */ = {isa = PBXFileReference; lastKnownFileType = sourcecode.c.h; path = websocket_listener.h; sourceTree = "<group>"; };
		D6437E2A21E3805C00651678 /* websocket_session.cpp */ = {isa = PBXFileReference; lastKnownFileType = sourcecode.cpp.cpp; path = websocket_session.cpp; sourceTree = "<group>"; };
		D6437E2B21E3805C00651678 /* websocket_session.h */ = {isa = PBXFileReference; lastKnownFileType = sourcecode.c.h; path = websocket_session.h; sourceTree = "<group>"; };
		D6437E2E21E42B1500651678 /* libmysqlcppconn.7.1.1.8.dylib */ = {isa = PBXFileReference; lastKnownFileType = "compiled.mach-o.dylib"; name = libmysqlcppconn.7.1.1.8.dylib; path = "../../../../usr/local/Cellar/mysql-connector-c++/1.1.8/lib/libmysqlcppconn.7.1.1.8.dylib"; sourceTree = "<group>"; };
		D6437E3021E4C94F00651678 /* json.hpp */ = {isa = PBXFileReference; lastKnownFileType = sourcecode.cpp.h; path = json.hpp; sourceTree = "<group>"; };
		D6437E3121E4C96E00651678 /* config.h */ = {isa = PBXFileReference; lastKnownFileType = sourcecode.c.h; path = config.h; sourceTree = "<group>"; };
		D6437E3221E4D17B00651678 /* libglog.0.dylib */ = {isa = PBXFileReference; lastKnownFileType = "compiled.mach-o.dylib"; name = libglog.0.dylib; path = ../../../../usr/local/Cellar/glog/0.3.4_1/lib/libglog.0.dylib; sourceTree = "<group>"; };
		D6437E3421E4D51E00651678 /* config.cpp */ = {isa = PBXFileReference; lastKnownFileType = sourcecode.cpp.cpp; path = config.cpp; sourceTree = "<group>"; };
		D646BD5F224CDA480054B2AD /* libswscale.5.3.100.dylib */ = {isa = PBXFileReference; lastKnownFileType = "compiled.mach-o.dylib"; name = libswscale.5.3.100.dylib; path = ../../../../usr/local/Cellar/ffmpeg/4.1.2/lib/libswscale.5.3.100.dylib; sourceTree = "<group>"; };
		D646BD61224CDAA10054B2AD /* libssl.35.dylib */ = {isa = PBXFileReference; lastKnownFileType = "compiled.mach-o.dylib"; name = libssl.35.dylib; path = ../../../../usr/lib/libssl.35.dylib; sourceTree = "<group>"; };
		D646BD63224CDAB80054B2AD /* libcrypto.35.dylib */ = {isa = PBXFileReference; lastKnownFileType = "compiled.mach-o.dylib"; name = libcrypto.35.dylib; path = ../../../../usr/lib/libcrypto.35.dylib; sourceTree = "<group>"; };
		D646BD65224CDB180054B2AD /* libssl.1.0.0.dylib */ = {isa = PBXFileReference; lastKnownFileType = "compiled.mach-o.dylib"; name = libssl.1.0.0.dylib; path = ../../../../usr/local/Cellar/openssl/1.0.2r/lib/libssl.1.0.0.dylib; sourceTree = "<group>"; };
		D646BD67224CDB290054B2AD /* libcrypto.1.0.0.dylib */ = {isa = PBXFileReference; lastKnownFileType = "compiled.mach-o.dylib"; name = libcrypto.1.0.0.dylib; path = ../../../../usr/local/Cellar/openssl/1.0.2r/lib/libcrypto.1.0.0.dylib; sourceTree = "<group>"; };
		D646BD69224CDB9C0054B2AD /* managed_thread.h */ = {isa = PBXFileReference; lastKnownFileType = sourcecode.c.h; path = managed_thread.h; sourceTree = "<group>"; };
		D64F642321E6204300A1C99C /* auth.cpp */ = {isa = PBXFileReference; lastKnownFileType = sourcecode.cpp.cpp; path = auth.cpp; sourceTree = "<group>"; };
		D64F642421E6204300A1C99C /* auth.h */ = {isa = PBXFileReference; lastKnownFileType = sourcecode.c.h; path = auth.h; sourceTree = "<group>"; };
		D64F642721E6376A00A1C99C /* requests.h */ = {isa = PBXFileReference; lastKnownFileType = sourcecode.c.h; path = requests.h; sourceTree = "<group>"; };
		D64F642921E6380500A1C99C /* libcurl.4.dylib */ = {isa = PBXFileReference; lastKnownFileType = "compiled.mach-o.dylib"; name = libcurl.4.dylib; path = ../../../../usr/lib/libcurl.4.dylib; sourceTree = "<group>"; };
		D64F643021E764BF00A1C99C /* user.cpp */ = {isa = PBXFileReference; lastKnownFileType = sourcecode.cpp.cpp; path = user.cpp; sourceTree = "<group>"; };
		D64F643121E764BF00A1C99C /* user.h */ = {isa = PBXFileReference; lastKnownFileType = sourcecode.c.h; path = user.h; sourceTree = "<group>"; };
		D64F643321E7661E00A1C99C /* session.cpp */ = {isa = PBXFileReference; lastKnownFileType = sourcecode.cpp.cpp; path = session.cpp; sourceTree = "<group>"; };
		D64F643421E7661E00A1C99C /* session.h */ = {isa = PBXFileReference; lastKnownFileType = sourcecode.c.h; path = session.h; sourceTree = "<group>"; };
		D64F643621E7681300A1C99C /* database.cpp */ = {isa = PBXFileReference; lastKnownFileType = sourcecode.cpp.cpp; path = database.cpp; sourceTree = "<group>"; };
		D64F643721E7681300A1C99C /* database.h */ = {isa = PBXFileReference; lastKnownFileType = sourcecode.c.h; path = database.h; sourceTree = "<group>"; };
		D64F644A21EA2D0800A1C99C /* http_exception.h */ = {isa = PBXFileReference; lastKnownFileType = sourcecode.c.h; path = http_exception.h; sourceTree = "<group>"; };
		D64F644B21EA473400A1C99C /* http_exception.cpp */ = {isa = PBXFileReference; lastKnownFileType = sourcecode.cpp.cpp; path = http_exception.cpp; sourceTree = "<group>"; };
		D64F644D21EA582100A1C99C /* base64.cpp */ = {isa = PBXFileReference; lastKnownFileType = sourcecode.cpp.cpp; path = base64.cpp; sourceTree = "<group>"; };
		D64F644E21EA582100A1C99C /* base64.h */ = {isa = PBXFileReference; lastKnownFileType = sourcecode.c.h; path = base64.h; sourceTree = "<group>"; };
		D64F645121EA8EF500A1C99C /* serialize.h */ = {isa = PBXFileReference; lastKnownFileType = sourcecode.c.h; path = serialize.h; sourceTree = "<group>"; };
		D64F645621EAE4D000A1C99C /* user.h */ = {isa = PBXFileReference; fileEncoding = 4; lastKnownFileType = sourcecode.c.h; path = user.h; sourceTree = "<group>"; };
		D64F645721EAE4D000A1C99C /* user.cpp */ = {isa = PBXFileReference; fileEncoding = 4; lastKnownFileType = sourcecode.cpp.cpp; path = user.cpp; sourceTree = "<group>"; };
		D6531AAF21B42891005034F8 /* http_request.h */ = {isa = PBXFileReference; lastKnownFileType = sourcecode.c.h; path = http_request.h; sourceTree = "<group>"; };
		D6531AB121B42FAA005034F8 /* routes.h */ = {isa = PBXFileReference; fileEncoding = 4; lastKnownFileType = sourcecode.c.h; path = routes.h; sourceTree = "<group>"; };
		D6531AB221B44CB7005034F8 /* decode_file.cpp */ = {isa = PBXFileReference; lastKnownFileType = sourcecode.cpp.cpp; path = decode_file.cpp; sourceTree = "<group>"; };
		D6531AB321B44CB7005034F8 /* decode_file.h */ = {isa = PBXFileReference; lastKnownFileType = sourcecode.c.h; path = decode_file.h; sourceTree = "<group>"; };
		D669116E223FECD0000E2690 /* libmysqlcppconn.7.1.1.9.dylib */ = {isa = PBXFileReference; lastKnownFileType = "compiled.mach-o.dylib"; name = libmysqlcppconn.7.1.1.9.dylib; path = "../../../../usr/local/Cellar/mysql-connector-c++/1.1.9_2/lib/libmysqlcppconn.7.1.1.9.dylib"; sourceTree = "<group>"; };
		D66911A222411C4E000E2690 /* audio_tool_api copy */ = {isa = PBXFileReference; explicitFileType = "compiled.mach-o.executable"; includeInIndex = 0; path = "audio_tool_api copy"; sourceTree = BUILT_PRODUCTS_DIR; };
		D66911A52241985F000E2690 /* st_http_server.cpp */ = {isa = PBXFileReference; lastKnownFileType = sourcecode.cpp.cpp; path = st_http_server.cpp; sourceTree = "<group>"; };
		D66911A62241985F000E2690 /* st_http_server.h */ = {isa = PBXFileReference; lastKnownFileType = sourcecode.c.h; path = st_http_server.h; sourceTree = "<group>"; };
		D66911A822425D9C000E2690 /* tpc_http_server.cpp */ = {isa = PBXFileReference; lastKnownFileType = sourcecode.cpp.cpp; path = tpc_http_server.cpp; sourceTree = "<group>"; };
		D66911A922425D9C000E2690 /* tpc_http_server.h */ = {isa = PBXFileReference; lastKnownFileType = sourcecode.c.h; path = tpc_http_server.h; sourceTree = "<group>"; };
		D67E369A21B2C8B1008BE6F9 /* audio_tool_api */ = {isa = PBXFileReference; explicitFileType = "compiled.mach-o.executable"; includeInIndex = 0; path = audio_tool_api; sourceTree = BUILT_PRODUCTS_DIR; };
		D67E369D21B2C8B1008BE6F9 /* main.cpp */ = {isa = PBXFileReference; lastKnownFileType = sourcecode.cpp.cpp; path = main.cpp; sourceTree = "<group>"; };
		D67E36A521B2C9A3008BE6F9 /* libnghttp2.14.dylib */ = {isa = PBXFileReference; lastKnownFileType = "compiled.mach-o.dylib"; name = libnghttp2.14.dylib; path = ../../../../usr/local/Cellar/nghttp2/1.35.0_1/lib/libnghttp2.14.dylib; sourceTree = "<group>"; };
		D67E36A621B2C9A3008BE6F9 /* libboost_system.dylib */ = {isa = PBXFileReference; lastKnownFileType = "compiled.mach-o.dylib"; name = libboost_system.dylib; path = ../../../../usr/local/Cellar/boost/1.66.0/lib/libboost_system.dylib; sourceTree = "<group>"; };
		D67E36A921B2CA32008BE6F9 /* libssl.1.0.0.dylib */ = {isa = PBXFileReference; lastKnownFileType = "compiled.mach-o.dylib"; name = libssl.1.0.0.dylib; path = ../../../../usr/local/Cellar/openssl/1.0.2q/lib/libssl.1.0.0.dylib; sourceTree = "<group>"; };
		D67E36AA21B2CA32008BE6F9 /* libcrypto.1.0.0.dylib */ = {isa = PBXFileReference; lastKnownFileType = "compiled.mach-o.dylib"; name = libcrypto.1.0.0.dylib; path = ../../../../usr/local/Cellar/openssl/1.0.2q/lib/libcrypto.1.0.0.dylib; sourceTree = "<group>"; };
		D67E36AE21B2ED3F008BE6F9 /* libboost_coroutine.dylib */ = {isa = PBXFileReference; lastKnownFileType = "compiled.mach-o.dylib"; name = libboost_coroutine.dylib; path = ../../../../usr/local/Cellar/boost/1.68.0/lib/libboost_coroutine.dylib; sourceTree = "<group>"; };
		D67E36B021B2EDB6008BE6F9 /* libboost_system.dylib */ = {isa = PBXFileReference; lastKnownFileType = "compiled.mach-o.dylib"; name = libboost_system.dylib; path = ../../../../usr/local/Cellar/boost/1.68.0/lib/libboost_system.dylib; sourceTree = "<group>"; };
		D67E36B221B2F85A008BE6F9 /* libboost_system-mt.dylib */ = {isa = PBXFileReference; lastKnownFileType = "compiled.mach-o.dylib"; name = "libboost_system-mt.dylib"; path = "../../../../usr/local/Cellar/boost/1.68.0/lib/libboost_system-mt.dylib"; sourceTree = "<group>"; };
		D67E36B421B2FA91008BE6F9 /* libboost_thread-mt.dylib */ = {isa = PBXFileReference; lastKnownFileType = "compiled.mach-o.dylib"; name = "libboost_thread-mt.dylib"; path = "../../../../usr/local/Cellar/boost/1.68.0/lib/libboost_thread-mt.dylib"; sourceTree = "<group>"; };
		D67E36B621B2FADD008BE6F9 /* libSystem.B.dylib */ = {isa = PBXFileReference; lastKnownFileType = "compiled.mach-o.dylib"; name = libSystem.B.dylib; path = ../../../../usr/lib/libSystem.B.dylib; sourceTree = "<group>"; };
		D67E36C021B32515008BE6F9 /* base_handler.cpp */ = {isa = PBXFileReference; lastKnownFileType = sourcecode.cpp.cpp; path = base_handler.cpp; sourceTree = "<group>"; };
		D67E36C121B32515008BE6F9 /* base_handler.h */ = {isa = PBXFileReference; lastKnownFileType = sourcecode.c.h; path = base_handler.h; sourceTree = "<group>"; };
		D67E36C521B338D5008BE6F9 /* st_http_worker.cpp */ = {isa = PBXFileReference; lastKnownFileType = sourcecode.cpp.cpp; path = st_http_worker.cpp; sourceTree = "<group>"; };
		D67E36C621B338D5008BE6F9 /* st_http_worker.h */ = {isa = PBXFileReference; lastKnownFileType = sourcecode.c.h; path = st_http_worker.h; sourceTree = "<group>"; };
		D67E36C821B33975008BE6F9 /* fields_alloc.h */ = {isa = PBXFileReference; lastKnownFileType = sourcecode.c.h; path = fields_alloc.h; sourceTree = "<group>"; };
		D69B8373222EA45E00A5EDC0 /* test.cpp */ = {isa = PBXFileReference; lastKnownFileType = sourcecode.cpp.cpp; path = test.cpp; sourceTree = "<group>"; };
		D69B8374222EA45E00A5EDC0 /* test.h */ = {isa = PBXFileReference; lastKnownFileType = sourcecode.c.h; path = test.h; sourceTree = "<group>"; };
		D69B837D22328FF100A5EDC0 /* main.cpp */ = {isa = PBXFileReference; lastKnownFileType = sourcecode.cpp.cpp; path = main.cpp; sourceTree = "<group>"; };
		D69B83B322345EBE00A5EDC0 /* http_work_thread.cpp */ = {isa = PBXFileReference; lastKnownFileType = sourcecode.cpp.cpp; path = http_work_thread.cpp; sourceTree = "<group>"; };
		D69B83B422345EBE00A5EDC0 /* http_work_thread.h */ = {isa = PBXFileReference; lastKnownFileType = sourcecode.c.h; path = http_work_thread.h; sourceTree = "<group>"; };
		D6C269E621BACF52009D9D01 /* libmimetic.0.dylib */ = {isa = PBXFileReference; lastKnownFileType = "compiled.mach-o.dylib"; name = libmimetic.0.dylib; path = ../../../../usr/local/lib/libmimetic.0.dylib; sourceTree = "<group>"; };
		D6C269E921BAD27B009D9D01 /* libmimetic.a */ = {isa = PBXFileReference; lastKnownFileType = archive.ar; name = libmimetic.a; path = ../../../../usr/local/lib/libmimetic.a; sourceTree = "<group>"; };
		D6C269EC21BAE14A009D9D01 /* multipart_parser.h */ = {isa = PBXFileReference; lastKnownFileType = sourcecode.c.h; path = multipart_parser.h; sourceTree = "<group>"; };
		D6C269ED21BAE14A009D9D01 /* multipart_parser.c */ = {isa = PBXFileReference; lastKnownFileType = sourcecode.c.c; path = multipart_parser.c; sourceTree = "<group>"; };
		D6C269EF21BB1275009D9D01 /* libswscale.5.3.100.dylib */ = {isa = PBXFileReference; lastKnownFileType = "compiled.mach-o.dylib"; name = libswscale.5.3.100.dylib; path = ../../../../usr/local/Cellar/ffmpeg/4.1/lib/libswscale.5.3.100.dylib; sourceTree = "<group>"; };
		D6C269F021BB1275009D9D01 /* libswresample.3.3.100.dylib */ = {isa = PBXFileReference; lastKnownFileType = "compiled.mach-o.dylib"; name = libswresample.3.3.100.dylib; path = ../../../../usr/local/Cellar/ffmpeg/4.1/lib/libswresample.3.3.100.dylib; sourceTree = "<group>"; };
		D6C269F421BBFEFF009D9D01 /* processor.cpp */ = {isa = PBXFileReference; lastKnownFileType = sourcecode.cpp.cpp; path = processor.cpp; sourceTree = "<group>"; };
		D6C269F521BBFEFF009D9D01 /* processor.h */ = {isa = PBXFileReference; lastKnownFileType = sourcecode.c.h; path = processor.h; sourceTree = "<group>"; };
		D6CB6F1D2237D3530095EA6B /* http_server.cpp */ = {isa = PBXFileReference; lastKnownFileType = sourcecode.cpp.cpp; path = http_server.cpp; sourceTree = "<group>"; };
		D6CB6F1E2237D3530095EA6B /* http_server.h */ = {isa = PBXFileReference; lastKnownFileType = sourcecode.c.h; path = http_server.h; sourceTree = "<group>"; };
		D6D2884A22346928005B47AA /* http_connection.cpp */ = {isa = PBXFileReference; lastKnownFileType = sourcecode.cpp.cpp; path = http_connection.cpp; sourceTree = "<group>"; };
		D6D2884B22346928005B47AA /* http_connection.h */ = {isa = PBXFileReference; lastKnownFileType = sourcecode.c.h; path = http_connection.h; sourceTree = "<group>"; };
		D6D2884D22346E25005B47AA /* concurrentqueue.h */ = {isa = PBXFileReference; lastKnownFileType = sourcecode.c.h; path = concurrentqueue.h; sourceTree = "<group>"; };
		D6D2884F22346E6A005B47AA /* blocking_concurrentqueue.h */ = {isa = PBXFileReference; lastKnownFileType = sourcecode.c.h; path = blocking_concurrentqueue.h; sourceTree = "<group>"; };
		D6D2885022348B5D005B47AA /* http_worker.cpp */ = {isa = PBXFileReference; lastKnownFileType = sourcecode.cpp.cpp; path = http_worker.cpp; sourceTree = "<group>"; };
		D6D2885122348B5D005B47AA /* http_worker.h */ = {isa = PBXFileReference; lastKnownFileType = sourcecode.c.h; path = http_worker.h; sourceTree = "<group>"; };
		D6F4010621EF5414009EC8E3 /* files.cpp */ = {isa = PBXFileReference; lastKnownFileType = sourcecode.cpp.cpp; path = files.cpp; sourceTree = "<group>"; };
		D6F4010721EF5414009EC8E3 /* files.h */ = {isa = PBXFileReference; lastKnownFileType = sourcecode.c.h; path = files.h; sourceTree = "<group>"; };
		D6F4010921F3B1FC009EC8E3 /* project.cpp */ = {isa = PBXFileReference; lastKnownFileType = sourcecode.cpp.cpp; path = project.cpp; sourceTree = "<group>"; };
		D6F4010A21F3B1FC009EC8E3 /* project.h */ = {isa = PBXFileReference; lastKnownFileType = sourcecode.c.h; path = project.h; sourceTree = "<group>"; };
		D6F4010C21F3BBD7009EC8E3 /* project.cpp */ = {isa = PBXFileReference; lastKnownFileType = sourcecode.cpp.cpp; path = project.cpp; sourceTree = "<group>"; };
		D6F4010D21F3BBD7009EC8E3 /* project.h */ = {isa = PBXFileReference; lastKnownFileType = sourcecode.c.h; path = project.h; sourceTree = "<group>"; };
		D6F8EB4E21EE1D64000FCD74 /* file.cpp */ = {isa = PBXFileReference; lastKnownFileType = sourcecode.cpp.cpp; path = file.cpp; sourceTree = "<group>"; };
		D6F8EB4F21EE1D64000FCD74 /* file.h */ = {isa = PBXFileReference; lastKnownFileType = sourcecode.c.h; path = file.h; sourceTree = "<group>"; };
/* End PBXFileReference section */

/* Begin PBXFrameworksBuildPhase section */
		D669118C22411C4E000E2690 /* Frameworks */ = {
			isa = PBXFrameworksBuildPhase;
			buildActionMask = 2147483647;
			files = (
				D669118D22411C4E000E2690 /* libmysqlcppconn.7.1.1.9.dylib in Frameworks */,
				D669118E22411C4E000E2690 /* libcurl.4.dylib in Frameworks */,
				D669118F22411C4E000E2690 /* libglog.0.dylib in Frameworks */,
				D669119022411C4E000E2690 /* libswscale.5.3.100.dylib in Frameworks */,
				D669119122411C4E000E2690 /* libswresample.3.3.100.dylib in Frameworks */,
				D669119222411C4E000E2690 /* libavdevice.58.5.100.dylib in Frameworks */,
				D669119322411C4E000E2690 /* libavformat.58.20.100.dylib in Frameworks */,
				D669119422411C4E000E2690 /* libavresample.4.0.0.dylib in Frameworks */,
				D669119522411C4E000E2690 /* libavfilter.7.40.101.dylib in Frameworks */,
				D669119622411C4E000E2690 /* libavcodec.58.35.100.dylib in Frameworks */,
				D669119722411C4E000E2690 /* libavutil.56.22.100.dylib in Frameworks */,
				D669119822411C4E000E2690 /* libSystem.B.dylib in Frameworks */,
				D669119922411C4E000E2690 /* libboost_thread-mt.dylib in Frameworks */,
				D669119A22411C4E000E2690 /* libboost_system-mt.dylib in Frameworks */,
				D669119B22411C4E000E2690 /* libssl.1.0.0.dylib in Frameworks */,
				D669119C22411C4E000E2690 /* libcrypto.1.0.0.dylib in Frameworks */,
				D669119D22411C4E000E2690 /* libboost_coroutine.dylib in Frameworks */,
			);
			runOnlyForDeploymentPostprocessing = 0;
		};
		D67E369721B2C8B1008BE6F9 /* Frameworks */ = {
			isa = PBXFrameworksBuildPhase;
			buildActionMask = 2147483647;
			files = (
				D646BD68224CDB290054B2AD /* libcrypto.1.0.0.dylib in Frameworks */,
				D646BD66224CDB180054B2AD /* libssl.1.0.0.dylib in Frameworks */,
				D646BD60224CDA480054B2AD /* libswscale.5.3.100.dylib in Frameworks */,
				D669116F223FECD0000E2690 /* libmysqlcppconn.7.1.1.9.dylib in Frameworks */,
				D64F642A21E6380500A1C99C /* libcurl.4.dylib in Frameworks */,
				D6437E3321E4D17B00651678 /* libglog.0.dylib in Frameworks */,
				D6C269F221BB1275009D9D01 /* libswresample.3.3.100.dylib in Frameworks */,
				D62F0AF621B483FE0085A671 /* libavdevice.58.5.100.dylib in Frameworks */,
				D62F0AF221B483BC0085A671 /* libavformat.58.20.100.dylib in Frameworks */,
				D62F0AF321B483BC0085A671 /* libavresample.4.0.0.dylib in Frameworks */,
				D62F0AEF21B4839B0085A671 /* libavfilter.7.40.101.dylib in Frameworks */,
				D62F0AED21B468C50085A671 /* libavcodec.58.35.100.dylib in Frameworks */,
				D62F0AF721B483FE0085A671 /* libavutil.56.22.100.dylib in Frameworks */,
				D67E36B721B2FADD008BE6F9 /* libSystem.B.dylib in Frameworks */,
				D67E36B521B2FA91008BE6F9 /* libboost_thread-mt.dylib in Frameworks */,
				D67E36B321B2F85A008BE6F9 /* libboost_system-mt.dylib in Frameworks */,
				D67E36AF21B2ED3F008BE6F9 /* libboost_coroutine.dylib in Frameworks */,
			);
			runOnlyForDeploymentPostprocessing = 0;
		};
/* End PBXFrameworksBuildPhase section */

/* Begin PBXGroup section */
		D6437E2121E28EA200651678 /* utilities */ = {
			isa = PBXGroup;
			children = (
				D64F644D21EA582100A1C99C /* base64.cpp */,
				D64F644E21EA582100A1C99C /* base64.h */,
				D6437E3421E4D51E00651678 /* config.cpp */,
				D6437E3121E4C96E00651678 /* config.h */,
				D64F643621E7681300A1C99C /* database.cpp */,
				D64F643721E7681300A1C99C /* database.h */,
				D6437E3021E4C94F00651678 /* json.hpp */,
				D64F642721E6376A00A1C99C /* requests.h */,
				D64F645121EA8EF500A1C99C /* serialize.h */,
				D6437E2221E28ECA00651678 /* stats_client.cpp */,
				D6437E2321E28ECA00651678 /* stats_client.h */,
				D6437E2521E2B3A500651678 /* timer.h */,
				D646BD69224CDB9C0054B2AD /* managed_thread.h */,
			);
			path = utilities;
			sourceTree = "<group>";
		};
		D6437E2621E37FA000651678 /* ws */ = {
			isa = PBXGroup;
			children = (
				D6437E2721E37FB400651678 /* websocket_listener.cpp */,
				D6437E2821E37FB400651678 /* websocket_listener.h */,
				D6437E2A21E3805C00651678 /* websocket_session.cpp */,
				D6437E2B21E3805C00651678 /* websocket_session.h */,
			);
			path = ws;
			sourceTree = "<group>";
		};
		D64F642F21E7649900A1C99C /* models */ = {
			isa = PBXGroup;
			children = (
				D6F8EB4E21EE1D64000FCD74 /* file.cpp */,
				D6F8EB4F21EE1D64000FCD74 /* file.h */,
				D64F643321E7661E00A1C99C /* session.cpp */,
				D64F643421E7661E00A1C99C /* session.h */,
				D64F643021E764BF00A1C99C /* user.cpp */,
				D64F643121E764BF00A1C99C /* user.h */,
				D6F4010921F3B1FC009EC8E3 /* project.cpp */,
				D6F4010A21F3B1FC009EC8E3 /* project.h */,
			);
			path = models;
			sourceTree = "<group>";
		};
		D67E369121B2C8B1008BE6F9 = {
			isa = PBXGroup;
			children = (
				D67E369C21B2C8B1008BE6F9 /* audio_tool_api */,
				D69B837C22328FF100A5EDC0 /* async_audio_tool_api */,
				D67E36A421B2C9A3008BE6F9 /* Frameworks */,
				D67E369B21B2C8B1008BE6F9 /* Products */,
			);
			sourceTree = "<group>";
		};
		D67E369B21B2C8B1008BE6F9 /* Products */ = {
			isa = PBXGroup;
			children = (
				D67E369A21B2C8B1008BE6F9 /* audio_tool_api */,
				D66911A222411C4E000E2690 /* audio_tool_api copy */,
			);
			name = Products;
			sourceTree = "<group>";
		};
		D67E369C21B2C8B1008BE6F9 /* audio_tool_api */ = {
			isa = PBXGroup;
			children = (
				D6D2884E22346E53005B47AA /* external */,
				D6C269F321BBFEC7009D9D01 /* audio */,
				D67E36BF21B324F1008BE6F9 /* handlers */,
				D67E36B821B2FCA5008BE6F9 /* http */,
				D64F642F21E7649900A1C99C /* models */,
				D6437E2121E28EA200651678 /* utilities */,
				D6437E2621E37FA000651678 /* ws */,
				D67E369D21B2C8B1008BE6F9 /* main.cpp */,
			);
			path = audio_tool_api;
			sourceTree = "<group>";
		};
		D67E36A421B2C9A3008BE6F9 /* Frameworks */ = {
			isa = PBXGroup;
			children = (
				D646BD67224CDB290054B2AD /* libcrypto.1.0.0.dylib */,
				D646BD65224CDB180054B2AD /* libssl.1.0.0.dylib */,
				D646BD63224CDAB80054B2AD /* libcrypto.35.dylib */,
				D646BD61224CDAA10054B2AD /* libssl.35.dylib */,
				D646BD5F224CDA480054B2AD /* libswscale.5.3.100.dylib */,
				D669116E223FECD0000E2690 /* libmysqlcppconn.7.1.1.9.dylib */,
				D64F642921E6380500A1C99C /* libcurl.4.dylib */,
				D6437E3221E4D17B00651678 /* libglog.0.dylib */,
				D6437E2E21E42B1500651678 /* libmysqlcppconn.7.1.1.8.dylib */,
				D6C269F021BB1275009D9D01 /* libswresample.3.3.100.dylib */,
				D6C269EF21BB1275009D9D01 /* libswscale.5.3.100.dylib */,
				D6C269E921BAD27B009D9D01 /* libmimetic.a */,
				D6C269E621BACF52009D9D01 /* libmimetic.0.dylib */,
				D62F0AF421B483FD0085A671 /* libavdevice.58.5.100.dylib */,
				D62F0AF521B483FE0085A671 /* libavutil.56.22.100.dylib */,
				D62F0AF021B483BC0085A671 /* libavformat.58.20.100.dylib */,
				D62F0AF121B483BC0085A671 /* libavresample.4.0.0.dylib */,
				D62F0AEE21B4839B0085A671 /* libavfilter.7.40.101.dylib */,
				D62F0AEC21B468C50085A671 /* libavcodec.58.35.100.dylib */,
				D67E36B621B2FADD008BE6F9 /* libSystem.B.dylib */,
				D67E36B421B2FA91008BE6F9 /* libboost_thread-mt.dylib */,
				D67E36B221B2F85A008BE6F9 /* libboost_system-mt.dylib */,
				D67E36B021B2EDB6008BE6F9 /* libboost_system.dylib */,
				D67E36AE21B2ED3F008BE6F9 /* libboost_coroutine.dylib */,
				D67E36AA21B2CA32008BE6F9 /* libcrypto.1.0.0.dylib */,
				D67E36A921B2CA32008BE6F9 /* libssl.1.0.0.dylib */,
				D67E36A621B2C9A3008BE6F9 /* libboost_system.dylib */,
				D67E36A521B2C9A3008BE6F9 /* libnghttp2.14.dylib */,
			);
			name = Frameworks;
			sourceTree = "<group>";
		};
		D67E36B821B2FCA5008BE6F9 /* http */ = {
			isa = PBXGroup;
			children = (
				D67E36C821B33975008BE6F9 /* fields_alloc.h */,
				D64F644B21EA473400A1C99C /* http_exception.cpp */,
				D64F644A21EA2D0800A1C99C /* http_exception.h */,
				D62F0AE621B44F860085A671 /* http_request.cpp */,
				D6531AAF21B42891005034F8 /* http_request.h */,
				D62F0AE921B45AF50085A671 /* http_response.cpp */,
				D62F0AEA21B45AF50085A671 /* http_response.h */,
				D67E36C521B338D5008BE6F9 /* st_http_worker.cpp */,
				D67E36C621B338D5008BE6F9 /* st_http_worker.h */,
				D6C269ED21BAE14A009D9D01 /* multipart_parser.c */,
				D6C269EC21BAE14A009D9D01 /* multipart_parser.h */,
				D6531AB121B42FAA005034F8 /* routes.h */,
				D69B83B322345EBE00A5EDC0 /* http_work_thread.cpp */,
				D69B83B422345EBE00A5EDC0 /* http_work_thread.h */,
				D6D2884A22346928005B47AA /* http_connection.cpp */,
				D6D2884B22346928005B47AA /* http_connection.h */,
				D6D2885022348B5D005B47AA /* http_worker.cpp */,
				D6D2885122348B5D005B47AA /* http_worker.h */,
				D6CB6F1D2237D3530095EA6B /* http_server.cpp */,
				D6CB6F1E2237D3530095EA6B /* http_server.h */,
				D66911A52241985F000E2690 /* st_http_server.cpp */,
				D66911A62241985F000E2690 /* st_http_server.h */,
				D66911A822425D9C000E2690 /* tpc_http_server.cpp */,
				D66911A922425D9C000E2690 /* tpc_http_server.h */,
			);
			path = http;
			sourceTree = "<group>";
		};
		D67E36BF21B324F1008BE6F9 /* handlers */ = {
			isa = PBXGroup;
			children = (
				D64F642321E6204300A1C99C /* auth.cpp */,
				D64F642421E6204300A1C99C /* auth.h */,
				D67E36C021B32515008BE6F9 /* base_handler.cpp */,
				D67E36C121B32515008BE6F9 /* base_handler.h */,
				D6531AB221B44CB7005034F8 /* decode_file.cpp */,
				D6531AB321B44CB7005034F8 /* decode_file.h */,
				D6F4010621EF5414009EC8E3 /* files.cpp */,
				D6F4010721EF5414009EC8E3 /* files.h */,
				D64F645721EAE4D000A1C99C /* user.cpp */,
				D64F645621EAE4D000A1C99C /* user.h */,
				D6F4010C21F3BBD7009EC8E3 /* project.cpp */,
				D6F4010D21F3BBD7009EC8E3 /* project.h */,
				D69B8373222EA45E00A5EDC0 /* test.cpp */,
				D69B8374222EA45E00A5EDC0 /* test.h */,
			);
			path = handlers;
			sourceTree = "<group>";
		};
		D69B837C22328FF100A5EDC0 /* async_audio_tool_api */ = {
			isa = PBXGroup;
			children = (
				D69B837D22328FF100A5EDC0 /* main.cpp */,
			);
			path = async_audio_tool_api;
			sourceTree = "<group>";
		};
		D6C269F321BBFEC7009D9D01 /* audio */ = {
			isa = PBXGroup;
			children = (
				D603517B21C2897E008C9D13 /* audio_processor.cpp */,
				D603517C21C2897E008C9D13 /* audio_processor.h */,
				D6C269F421BBFEFF009D9D01 /* processor.cpp */,
				D6C269F521BBFEFF009D9D01 /* processor.h */,
			);
			path = audio;
			sourceTree = "<group>";
		};
		D6D2884E22346E53005B47AA /* external */ = {
			isa = PBXGroup;
			children = (
				D6D2884D22346E25005B47AA /* concurrentqueue.h */,
				D6D2884F22346E6A005B47AA /* blocking_concurrentqueue.h */,
			);
			path = external;
			sourceTree = "<group>";
		};
/* End PBXGroup section */

/* Begin PBXNativeTarget section */
		D669117022411C4E000E2690 /* audio_tool_api copy */ = {
			isa = PBXNativeTarget;
			buildConfigurationList = D669119F22411C4E000E2690 /* Build configuration list for PBXNativeTarget "audio_tool_api copy" */;
			buildPhases = (
				D669117122411C4E000E2690 /* Sources */,
				D669118C22411C4E000E2690 /* Frameworks */,
				D669119E22411C4E000E2690 /* CopyFiles */,
			);
			buildRules = (
			);
			dependencies = (
			);
			name = "audio_tool_api copy";
			productName = audio_tool_api;
			productReference = D66911A222411C4E000E2690 /* audio_tool_api copy */;
			productType = "com.apple.product-type.tool";
		};
		D67E369921B2C8B1008BE6F9 /* audio_tool_api */ = {
			isa = PBXNativeTarget;
			buildConfigurationList = D67E36A121B2C8B1008BE6F9 /* Build configuration list for PBXNativeTarget "audio_tool_api" */;
			buildPhases = (
				D67E369621B2C8B1008BE6F9 /* Sources */,
				D67E369721B2C8B1008BE6F9 /* Frameworks */,
				D67E369821B2C8B1008BE6F9 /* CopyFiles */,
			);
			buildRules = (
			);
			dependencies = (
			);
			name = audio_tool_api;
			productName = audio_tool_api;
			productReference = D67E369A21B2C8B1008BE6F9 /* audio_tool_api */;
			productType = "com.apple.product-type.tool";
		};
/* End PBXNativeTarget section */

/* Begin PBXProject section */
		D67E369221B2C8B1008BE6F9 /* Project object */ = {
			isa = PBXProject;
			attributes = {
				LastUpgradeCheck = 1010;
				ORGANIZATIONNAME = "Chris Pauley";
				TargetAttributes = {
					D67E369921B2C8B1008BE6F9 = {
						CreatedOnToolsVersion = 10.1;
					};
				};
			};
			buildConfigurationList = D67E369521B2C8B1008BE6F9 /* Build configuration list for PBXProject "audio_tool_api" */;
			compatibilityVersion = "Xcode 9.3";
			developmentRegion = en;
			hasScannedForEncodings = 0;
			knownRegions = (
				en,
			);
			mainGroup = D67E369121B2C8B1008BE6F9;
			productRefGroup = D67E369B21B2C8B1008BE6F9 /* Products */;
			projectDirPath = "";
			projectRoot = "";
			targets = (
				D67E369921B2C8B1008BE6F9 /* audio_tool_api */,
				D669117022411C4E000E2690 /* audio_tool_api copy */,
			);
		};
/* End PBXProject section */

/* Begin PBXSourcesBuildPhase section */
		D669117122411C4E000E2690 /* Sources */ = {
			isa = PBXSourcesBuildPhase;
			buildActionMask = 2147483647;
			files = (
				D669117222411C4E000E2690 /* http_connection.cpp in Sources */,
				D669117322411C4E000E2690 /* base64.cpp in Sources */,
				D66911A322411C5B000E2690 /* main.cpp in Sources */,
				D669117422411C4E000E2690 /* base_handler.cpp in Sources */,
				D669117522411C4E000E2690 /* user.cpp in Sources */,
				D669117622411C4E000E2690 /* project.cpp in Sources */,
				D669117722411C4E000E2690 /* http_exception.cpp in Sources */,
				D669117922411C4E000E2690 /* user.cpp in Sources */,
				D669117A22411C4E000E2690 /* config.cpp in Sources */,
				D669117B22411C4E000E2690 /* stats_client.cpp in Sources */,
				D669117C22411C4E000E2690 /* http_request.cpp in Sources */,
				D669117D22411C4E000E2690 /* files.cpp in Sources */,
				D669117E22411C4E000E2690 /* session.cpp in Sources */,
				D669117F22411C4E000E2690 /* audio_processor.cpp in Sources */,
				D669118022411C4E000E2690 /* http_server.cpp in Sources */,
				D669118122411C4E000E2690 /* http_work_thread.cpp in Sources */,
				D669118222411C4E000E2690 /* multipart_parser.c in Sources */,
				D669118322411C4E000E2690 /* file.cpp in Sources */,
				D669118422411C4E000E2690 /* http_response.cpp in Sources */,
				D669118522411C4E000E2690 /* project.cpp in Sources */,
				D669118622411C4E000E2690 /* processor.cpp in Sources */,
				D669118722411C4E000E2690 /* decode_file.cpp in Sources */,
				D669118822411C4E000E2690 /* auth.cpp in Sources */,
				D669118922411C4E000E2690 /* http_worker.cpp in Sources */,
				D669118A22411C4E000E2690 /* test.cpp in Sources */,
				D669118B22411C4E000E2690 /* database.cpp in Sources */,
			);
			runOnlyForDeploymentPostprocessing = 0;
		};
		D67E369621B2C8B1008BE6F9 /* Sources */ = {
			isa = PBXSourcesBuildPhase;
			buildActionMask = 2147483647;
			files = (
				D6D2884C22346928005B47AA /* http_connection.cpp in Sources */,
				D64F644F21EA582100A1C99C /* base64.cpp in Sources */,
				D67E36C221B32515008BE6F9 /* base_handler.cpp in Sources */,
				D64F645821EAE4D000A1C99C /* user.cpp in Sources */,
				D6F4010E21F3BBD7009EC8E3 /* project.cpp in Sources */,
				D64F644C21EA473400A1C99C /* http_exception.cpp in Sources */,
				D67E369E21B2C8B1008BE6F9 /* main.cpp in Sources */,
				D64F643221E764BF00A1C99C /* user.cpp in Sources */,
				D6437E3521E4D51E00651678 /* config.cpp in Sources */,
				D6437E2421E28ECA00651678 /* stats_client.cpp in Sources */,
				D62F0AE721B44F860085A671 /* http_request.cpp in Sources */,
				D6F4010821EF5414009EC8E3 /* files.cpp in Sources */,
				D64F643521E7661E00A1C99C /* session.cpp in Sources */,
				D603517D21C2897E008C9D13 /* audio_processor.cpp in Sources */,
				D6CB6F1F2237D3530095EA6B /* http_server.cpp in Sources */,
				D69B83B522345EBE00A5EDC0 /* http_work_thread.cpp in Sources */,
				D6C269EE21BAE14A009D9D01 /* multipart_parser.c in Sources */,
				D6F8EB5021EE1D64000FCD74 /* file.cpp in Sources */,
				D62F0AEB21B45AF50085A671 /* http_response.cpp in Sources */,
				D6F4010B21F3B1FC009EC8E3 /* project.cpp in Sources */,
				D6C269F621BBFEFF009D9D01 /* processor.cpp in Sources */,
				D6531AB421B44CB7005034F8 /* decode_file.cpp in Sources */,
				D64F642521E6204300A1C99C /* auth.cpp in Sources */,
				D6D2885222348B5D005B47AA /* http_worker.cpp in Sources */,
				D69B8375222EA45E00A5EDC0 /* test.cpp in Sources */,
				D64F643821E7681300A1C99C /* database.cpp in Sources */,
			);
			runOnlyForDeploymentPostprocessing = 0;
		};
/* End PBXSourcesBuildPhase section */

/* Begin XCBuildConfiguration section */
		D66911A022411C4E000E2690 /* Debug */ = {
			isa = XCBuildConfiguration;
			buildSettings = {
				CLANG_CXX_LANGUAGE_STANDARD = "c++14";
				CLANG_CXX_LIBRARY = "libc++";
				CLANG_WARN_COMMA = NO;
				CLANG_WARN_DOCUMENTATION_COMMENTS = NO;
				CODE_SIGN_STYLE = Automatic;
				GCC_WARN_64_TO_32_BIT_CONVERSION = NO;
				HEADER_SEARCH_PATHS = (
					/usr/local/include,
					/usr/local/opt/openssl/include,
					"$(SRCROOT)/audio_tool_api/",
				);
				LIBRARY_SEARCH_PATHS = (
					"$(inherited)",
					/usr/local/Cellar/boost/1.68.0_1/lib,
					/usr/local/Cellar/openssl/1.0.2q/lib,
					/usr/local/Cellar/ffmpeg/4.1.1/lib,
					"/usr/local/Cellar/mysql-connector-c++/1.1.9_2/lib",
					/usr/local/Cellar/glog/0.3.5_3/lib,
				);
				PRODUCT_NAME = "$(TARGET_NAME)";
			};
			name = Debug;
		};
		D66911A122411C4E000E2690 /* Release */ = {
			isa = XCBuildConfiguration;
			buildSettings = {
				CLANG_CXX_LANGUAGE_STANDARD = "c++14";
				CLANG_CXX_LIBRARY = "libc++";
				CLANG_WARN_COMMA = NO;
				CLANG_WARN_DOCUMENTATION_COMMENTS = NO;
				CODE_SIGN_STYLE = Automatic;
				GCC_WARN_64_TO_32_BIT_CONVERSION = NO;
				HEADER_SEARCH_PATHS = (
					/usr/local/include,
					/usr/local/opt/openssl/include,
					"$(SRCROOT)/audio_tool_api/",
				);
				LIBRARY_SEARCH_PATHS = (
					"$(inherited)",
					/usr/local/Cellar/boost/1.68.0_1/lib,
					/usr/local/Cellar/openssl/1.0.2q/lib,
					/usr/local/Cellar/ffmpeg/4.1.1/lib,
					"/usr/local/Cellar/mysql-connector-c++/1.1.9_2/lib",
					/usr/local/Cellar/glog/0.3.5_3/lib,
				);
				PRODUCT_NAME = "$(TARGET_NAME)";
			};
			name = Release;
		};
		D67E369F21B2C8B1008BE6F9 /* Debug */ = {
			isa = XCBuildConfiguration;
			buildSettings = {
				ALWAYS_SEARCH_USER_PATHS = NO;
				CLANG_ANALYZER_NONNULL = YES;
				CLANG_ANALYZER_NUMBER_OBJECT_CONVERSION = YES_AGGRESSIVE;
				CLANG_CXX_LANGUAGE_STANDARD = "gnu++14";
				CLANG_CXX_LIBRARY = "libc++";
				CLANG_ENABLE_MODULES = YES;
				CLANG_ENABLE_OBJC_ARC = YES;
				CLANG_ENABLE_OBJC_WEAK = YES;
				CLANG_WARN_BLOCK_CAPTURE_AUTORELEASING = YES;
				CLANG_WARN_BOOL_CONVERSION = YES;
				CLANG_WARN_COMMA = YES;
				CLANG_WARN_CONSTANT_CONVERSION = YES;
				CLANG_WARN_DEPRECATED_OBJC_IMPLEMENTATIONS = YES;
				CLANG_WARN_DIRECT_OBJC_ISA_USAGE = YES_ERROR;
				CLANG_WARN_DOCUMENTATION_COMMENTS = YES;
				CLANG_WARN_EMPTY_BODY = YES;
				CLANG_WARN_ENUM_CONVERSION = YES;
				CLANG_WARN_INFINITE_RECURSION = YES;
				CLANG_WARN_INT_CONVERSION = YES;
				CLANG_WARN_NON_LITERAL_NULL_CONVERSION = YES;
				CLANG_WARN_OBJC_IMPLICIT_RETAIN_SELF = YES;
				CLANG_WARN_OBJC_LITERAL_CONVERSION = YES;
				CLANG_WARN_OBJC_ROOT_CLASS = YES_ERROR;
				CLANG_WARN_RANGE_LOOP_ANALYSIS = YES;
				CLANG_WARN_STRICT_PROTOTYPES = YES;
				CLANG_WARN_SUSPICIOUS_MOVE = YES;
				CLANG_WARN_UNGUARDED_AVAILABILITY = YES_AGGRESSIVE;
				CLANG_WARN_UNREACHABLE_CODE = YES;
				CLANG_WARN__DUPLICATE_METHOD_MATCH = YES;
				CODE_SIGN_IDENTITY = "-";
				COPY_PHASE_STRIP = NO;
				DEBUG_INFORMATION_FORMAT = dwarf;
				ENABLE_STRICT_OBJC_MSGSEND = YES;
				ENABLE_TESTABILITY = YES;
				GCC_C_LANGUAGE_STANDARD = gnu11;
				GCC_DYNAMIC_NO_PIC = NO;
				GCC_NO_COMMON_BLOCKS = YES;
				GCC_OPTIMIZATION_LEVEL = 0;
				GCC_PREPROCESSOR_DEFINITIONS = (
					"DEBUG=1",
					"$(inherited)",
				);
				GCC_WARN_64_TO_32_BIT_CONVERSION = YES;
				GCC_WARN_ABOUT_RETURN_TYPE = YES_ERROR;
				GCC_WARN_UNDECLARED_SELECTOR = YES;
				GCC_WARN_UNINITIALIZED_AUTOS = YES_AGGRESSIVE;
				GCC_WARN_UNUSED_FUNCTION = YES;
				GCC_WARN_UNUSED_VARIABLE = YES;
				MACOSX_DEPLOYMENT_TARGET = 10.14;
				MTL_ENABLE_DEBUG_INFO = INCLUDE_SOURCE;
				MTL_FAST_MATH = YES;
				ONLY_ACTIVE_ARCH = YES;
				SDKROOT = macosx;
			};
			name = Debug;
		};
		D67E36A021B2C8B1008BE6F9 /* Release */ = {
			isa = XCBuildConfiguration;
			buildSettings = {
				ALWAYS_SEARCH_USER_PATHS = NO;
				CLANG_ANALYZER_NONNULL = YES;
				CLANG_ANALYZER_NUMBER_OBJECT_CONVERSION = YES_AGGRESSIVE;
				CLANG_CXX_LANGUAGE_STANDARD = "gnu++14";
				CLANG_CXX_LIBRARY = "libc++";
				CLANG_ENABLE_MODULES = YES;
				CLANG_ENABLE_OBJC_ARC = YES;
				CLANG_ENABLE_OBJC_WEAK = YES;
				CLANG_WARN_BLOCK_CAPTURE_AUTORELEASING = YES;
				CLANG_WARN_BOOL_CONVERSION = YES;
				CLANG_WARN_COMMA = YES;
				CLANG_WARN_CONSTANT_CONVERSION = YES;
				CLANG_WARN_DEPRECATED_OBJC_IMPLEMENTATIONS = YES;
				CLANG_WARN_DIRECT_OBJC_ISA_USAGE = YES_ERROR;
				CLANG_WARN_DOCUMENTATION_COMMENTS = YES;
				CLANG_WARN_EMPTY_BODY = YES;
				CLANG_WARN_ENUM_CONVERSION = YES;
				CLANG_WARN_INFINITE_RECURSION = YES;
				CLANG_WARN_INT_CONVERSION = YES;
				CLANG_WARN_NON_LITERAL_NULL_CONVERSION = YES;
				CLANG_WARN_OBJC_IMPLICIT_RETAIN_SELF = YES;
				CLANG_WARN_OBJC_LITERAL_CONVERSION = YES;
				CLANG_WARN_OBJC_ROOT_CLASS = YES_ERROR;
				CLANG_WARN_RANGE_LOOP_ANALYSIS = YES;
				CLANG_WARN_STRICT_PROTOTYPES = YES;
				CLANG_WARN_SUSPICIOUS_MOVE = YES;
				CLANG_WARN_UNGUARDED_AVAILABILITY = YES_AGGRESSIVE;
				CLANG_WARN_UNREACHABLE_CODE = YES;
				CLANG_WARN__DUPLICATE_METHOD_MATCH = YES;
				CODE_SIGN_IDENTITY = "-";
				COPY_PHASE_STRIP = NO;
				DEBUG_INFORMATION_FORMAT = "dwarf-with-dsym";
				ENABLE_NS_ASSERTIONS = NO;
				ENABLE_STRICT_OBJC_MSGSEND = YES;
				GCC_C_LANGUAGE_STANDARD = gnu11;
				GCC_NO_COMMON_BLOCKS = YES;
				GCC_WARN_64_TO_32_BIT_CONVERSION = YES;
				GCC_WARN_ABOUT_RETURN_TYPE = YES_ERROR;
				GCC_WARN_UNDECLARED_SELECTOR = YES;
				GCC_WARN_UNINITIALIZED_AUTOS = YES_AGGRESSIVE;
				GCC_WARN_UNUSED_FUNCTION = YES;
				GCC_WARN_UNUSED_VARIABLE = YES;
				MACOSX_DEPLOYMENT_TARGET = 10.14;
				MTL_ENABLE_DEBUG_INFO = NO;
				MTL_FAST_MATH = YES;
				SDKROOT = macosx;
			};
			name = Release;
		};
		D67E36A221B2C8B1008BE6F9 /* Debug */ = {
			isa = XCBuildConfiguration;
			buildSettings = {
				CLANG_CXX_LANGUAGE_STANDARD = "gnu++14";
				CLANG_CXX_LIBRARY = "compiler-default";
				CLANG_WARN_COMMA = NO;
				CLANG_WARN_DOCUMENTATION_COMMENTS = NO;
				CODE_SIGN_STYLE = Automatic;
				GCC_WARN_64_TO_32_BIT_CONVERSION = NO;
				HEADER_SEARCH_PATHS = (
					/usr/local/include,
					/usr/local/opt/openssl/include,
					"$(SRCROOT)/audio_tool_api/",
				);
				LIBRARY_SEARCH_PATHS = (
					"$(inherited)",
					/usr/local/Cellar/boost/1.69.0/lib,
					/usr/local/Cellar/openssl/1.0.2q/lib,
					/usr/local/Cellar/ffmpeg/4.1.1/lib,
					"/usr/local/Cellar/mysql-connector-c++/1.1.9_2/lib",
					/usr/local/Cellar/glog/0.4.0/lib,
					/usr/local/Cellar/ffmpeg/4.1.2/lib,
					/usr/local/Cellar/openssl/1.0.2r/lib,
				);
				PRODUCT_NAME = "$(TARGET_NAME)";
			};
			name = Debug;
		};
		D67E36A321B2C8B1008BE6F9 /* Release */ = {
			isa = XCBuildConfiguration;
			buildSettings = {
				CLANG_CXX_LANGUAGE_STANDARD = "gnu++14";
				CLANG_CXX_LIBRARY = "compiler-default";
				CLANG_WARN_COMMA = NO;
				CLANG_WARN_DOCUMENTATION_COMMENTS = NO;
				CODE_SIGN_STYLE = Automatic;
				GCC_WARN_64_TO_32_BIT_CONVERSION = NO;
				HEADER_SEARCH_PATHS = (
					/usr/local/include,
					/usr/local/opt/openssl/include,
					"$(SRCROOT)/audio_tool_api/",
				);
				LIBRARY_SEARCH_PATHS = (
					"$(inherited)",
					/usr/local/Cellar/boost/1.69.0/lib,
					/usr/local/Cellar/openssl/1.0.2q/lib,
					/usr/local/Cellar/ffmpeg/4.1.1/lib,
					"/usr/local/Cellar/mysql-connector-c++/1.1.9_2/lib",
					/usr/local/Cellar/glog/0.4.0/lib,
					/usr/local/Cellar/ffmpeg/4.1.2/lib,
					/usr/local/Cellar/openssl/1.0.2r/lib,
				);
				PRODUCT_NAME = "$(TARGET_NAME)";
			};
			name = Release;
		};
/* End XCBuildConfiguration section */

/* Begin XCConfigurationList section */
		D669119F22411C4E000E2690 /* Build configuration list for PBXNativeTarget "audio_tool_api copy" */ = {
			isa = XCConfigurationList;
			buildConfigurations = (
				D66911A022411C4E000E2690 /* Debug */,
				D66911A122411C4E000E2690 /* Release */,
			);
			defaultConfigurationIsVisible = 0;
			defaultConfigurationName = Release;
		};
		D67E369521B2C8B1008BE6F9 /* Build configuration list for PBXProject "audio_tool_api" */ = {
			isa = XCConfigurationList;
			buildConfigurations = (
				D67E369F21B2C8B1008BE6F9 /* Debug */,
				D67E36A021B2C8B1008BE6F9 /* Release */,
			);
			defaultConfigurationIsVisible = 0;
			defaultConfigurationName = Release;
		};
		D67E36A121B2C8B1008BE6F9 /* Build configuration list for PBXNativeTarget "audio_tool_api" */ = {
			isa = XCConfigurationList;
			buildConfigurations = (
				D67E36A221B2C8B1008BE6F9 /* Debug */,
				D67E36A321B2C8B1008BE6F9 /* Release */,
			);
			defaultConfigurationIsVisible = 0;
			defaultConfigurationName = Release;
		};
/* End XCConfigurationList section */
	};
	rootObject = D67E369221B2C8B1008BE6F9 /* Project object */;
}
